
Microsoft Visual Studio Solution File, Format Version 12.00
# Visual Studio Version 16
VisualStudioVersion = 16.0.31624.102
MinimumVisualStudioVersion = 10.0.40219.1
Project("{FAE04EC0-301F-11D3-BF4B-00C04F79EFBC}") = "OdeToFood", "OdeToFood\OdeToFood.csproj", "{5B04C8F6-1182-42F1-9B9F-890A34952F91}"
EndProject
Project("{FAE04EC0-301F-11D3-BF4B-00C04F79EFBC}") = "OdeToFood.Tests", "OdeToFood.Tests\OdeToFood.Tests.csproj", "{C7684B4D-5A62-4864-BA8C-B60169C88688}"
EndProject
Global
	GlobalSection(SolutionConfigurationPlatforms) = preSolution
		Debug|Any CPU = Debug|Any CPU
		Release|Any CPU = Release|Any CPU
	EndGlobalSection
	GlobalSection(ProjectConfigurationPlatforms) = postSolution
		{5B04C8F6-1182-42F1-9B9F-890A34952F91}.Debug|Any CPU.ActiveCfg = Debug|Any CPU
		{5B04C8F6-1182-42F1-9B9F-890A34952F91}.Debug|Any CPU.Build.0 = Debug|Any CPU
		{5B04C8F6-1182-42F1-9B9F-890A34952F91}.Release|Any CPU.ActiveCfg = Release|Any CPU
		{5B04C8F6-1182-42F1-9B9F-890A34952F91}.Release|Any CPU.Build.0 = Release|Any CPU
		{C7684B4D-5A62-4864-BA8C-B60169C88688}.Debug|Any CPU.ActiveCfg = Debug|Any CPU
		{C7684B4D-5A62-4864-BA8C-B60169C88688}.Debug|Any CPU.Build.0 = Debug|Any CPU
		{C7684B4D-5A62-4864-BA8C-B60169C88688}.Release|Any CPU.ActiveCfg = Release|Any CPU
		{C7684B4D-5A62-4864-BA8C-B60169C88688}.Release|Any CPU.Build.0 = Release|Any CPU
	EndGlobalSection
	GlobalSection(SolutionProperties) = preSolution
		HideSolutionNode = FALSE
	EndGlobalSection
	GlobalSection(ExtensibilityGlobals) = postSolution
		SolutionGuid = {99E2B378-7DE0-47BF-B6BC-D8C11B19CA65}
	EndGlobalSection
EndGlobal
